
Microsoft Visual Studio Solution File, Format Version 12.00
# Visual Studio Version 17
VisualStudioVersion = 17.3.32819.101
MinimumVisualStudioVersion = 10.0.40219.1
Project("{FAE04EC0-301F-11D3-BF4B-00C04F79EFBC}") = "CVLookup-WebAPI", "CVLookup-WebAPI.csproj", "{FBE957E0-E0DA-44DE-8787-21881CF2C3A0}"
EndProject
Global
	GlobalSection(SolutionConfigurationPlatforms) = preSolution
		Debug|Any CPU = Debug|Any CPU
		Release|Any CPU = Release|Any CPU
	EndGlobalSection
	GlobalSection(ProjectConfigurationPlatforms) = postSolution
		{FBE957E0-E0DA-44DE-8787-21881CF2C3A0}.Debug|Any CPU.ActiveCfg = Debug|Any CPU
		{FBE957E0-E0DA-44DE-8787-21881CF2C3A0}.Debug|Any CPU.Build.0 = Debug|Any CPU
		{FBE957E0-E0DA-44DE-8787-21881CF2C3A0}.Release|Any CPU.ActiveCfg = Release|Any CPU
		{FBE957E0-E0DA-44DE-8787-21881CF2C3A0}.Release|Any CPU.Build.0 = Release|Any CPU
	EndGlobalSection
	GlobalSection(SolutionProperties) = preSolution
		HideSolutionNode = FALSE
	EndGlobalSection
	GlobalSection(ExtensibilityGlobals) = postSolution
		SolutionGuid = {D1D40868-133A-446E-8D3F-D23A8BBF4141}
	EndGlobalSection
EndGlobal
